// !$*UTF8*$!
{
  archiveVersion = 1;
  classes = {
  };
  objectVersion = 56;
  objects = {

	/* Begin PBXBuildFile section */
	    A0B1C2D3E4F5060708090B00 /* OnDeviceAgentConsoleApp.swift in Sources */ = {isa = PBXBuildFile; fileRef = A0B1C2D3E4F5060708090A10 /* OnDeviceAgentConsoleApp.swift */; };
	    A0B1C2D3E4F5060708090B01 /* ContentView.swift in Sources */ = {isa = PBXBuildFile; fileRef = A0B1C2D3E4F5060708090A11 /* ContentView.swift */; };
	    A0B1C2D3E4F5060708090B02 /* ConsoleStore.swift in Sources */ = {isa = PBXBuildFile; fileRef = A0B1C2D3E4F5060708090A14 /* ConsoleStore.swift */; };
	    A0B1C2D3E4F5060708090B03 /* AgentClient.swift in Sources */ = {isa = PBXBuildFile; fileRef = A0B1C2D3E4F5060708090A12 /* AgentClient.swift */; };
	    A0B1C2D3E4F5060708090B04 /* Models.swift in Sources */ = {isa = PBXBuildFile; fileRef = A0B1C2D3E4F5060708090A13 /* Models.swift */; };
	    A0B1C2D3E4F5060708090B0E /* Keyboard.swift in Sources */ = {isa = PBXBuildFile; fileRef = A0B1C2D3E4F5060708090A24 /* Keyboard.swift */; };
	    A0B1C2D3E4F5060708090B0F /* RunView.swift in Sources */ = {isa = PBXBuildFile; fileRef = A0B1C2D3E4F5060708090A25 /* RunView.swift */; };
	    A0B1C2D3E4F5060708090B10 /* LogsView.swift in Sources */ = {isa = PBXBuildFile; fileRef = A0B1C2D3E4F5060708090A26 /* LogsView.swift */; };
	    A0B1C2D3E4F5060708090B11 /* ChatView.swift in Sources */ = {isa = PBXBuildFile; fileRef = A0B1C2D3E4F5060708090A27 /* ChatView.swift */; };
	    A0B1C2D3E4F5060708090B12 /* NotesView.swift in Sources */ = {isa = PBXBuildFile; fileRef = A0B1C2D3E4F5060708090A28 /* NotesView.swift */; };
	    A0B1C2D3E4F5060708090B13 /* Fields.swift in Sources */ = {isa = PBXBuildFile; fileRef = A0B1C2D3E4F5060708090A29 /* Fields.swift */; };
	    A0B1C2D3E4F5060708090B14 /* LiveProgressPanel.swift in Sources */ = {isa = PBXBuildFile; fileRef = A0B1C2D3E4F5060708090A2A /* LiveProgressPanel.swift */; };
	    A0B1C2D3E4F5060708090B15 /* EditorSheets.swift in Sources */ = {isa = PBXBuildFile; fileRef = A0B1C2D3E4F5060708090A2B /* EditorSheets.swift */; };
	    A0B1C2D3E4F5060708090B16 /* QRCodeSheets.swift in Sources */ = {isa = PBXBuildFile; fileRef = A0B1C2D3E4F5060708090A2C /* QRCodeSheets.swift */; };
	    DDD875736225B31ABE994088 /* ConsoleParsersTests.swift in Sources */ = {isa = PBXBuildFile; fileRef = 400CCBCA3204BCB67B894FF9 /* ConsoleParsersTests.swift */; };
	    A0B1C2D3E4F5060708090B07 /* ActivityView.swift in Sources */ = {isa = PBXBuildFile; fileRef = A0B1C2D3E4F5060708090A19 /* ActivityView.swift */; };
	    A0B1C2D3E4F5060708090B08 /* QRCode.swift in Sources */ = {isa = PBXBuildFile; fileRef = A0B1C2D3E4F5060708090A1A /* QRCode.swift */; };
	    A0B1C2D3E4F5060708090B09 /* TempFiles.swift in Sources */ = {isa = PBXBuildFile; fileRef = A0B1C2D3E4F5060708090A1B /* TempFiles.swift */; };
	    A0B1C2D3E4F5060708090B0B /* ActionOverlay.swift in Sources */ = {isa = PBXBuildFile; fileRef = A0B1C2D3E4F5060708090A1E /* ActionOverlay.swift */; };
	    A0B1C2D3E4F5060708090B0C /* DisclosureHeader.swift in Sources */ = {isa = PBXBuildFile; fileRef = A0B1C2D3E4F5060708090A1F /* DisclosureHeader.swift */; };
	    A0B1C2D3E4F5060708090B0D /* ConsoleRedaction.swift in Sources */ = {isa = PBXBuildFile; fileRef = A0B1C2D3E4F5060708090A23 /* ConsoleRedaction.swift */; };
	    A0B1C2D3E4F5060708090B05 /* Assets.xcassets in Resources */ = {isa = PBXBuildFile; fileRef = A0B1C2D3E4F5060708090A16 /* Assets.xcassets */; };
	    A0B1C2D3E4F5060708090B06 /* LaunchScreen.storyboard in Resources */ = {isa = PBXBuildFile; fileRef = A0B1C2D3E4F5060708090A18 /* LaunchScreen.storyboard */; };
	    A0B1C2D3E4F5060708090B0A /* Localizable.strings in Resources */ = {isa = PBXBuildFile; fileRef = A0B1C2D3E4F5060708090A1D /* Localizable.strings */; };
	/* End PBXBuildFile section */

	/* Begin PBXFileReference section */
	    A0B1C2D3E4F5060708090A10 /* OnDeviceAgentConsoleApp.swift */ = {isa = PBXFileReference; lastKnownFileType = sourcecode.swift; path = OnDeviceAgentConsoleApp.swift; sourceTree = "<group>"; };
	    A0B1C2D3E4F5060708090A11 /* ContentView.swift */ = {isa = PBXFileReference; lastKnownFileType = sourcecode.swift; path = ContentView.swift; sourceTree = "<group>"; };
	    A0B1C2D3E4F5060708090A12 /* AgentClient.swift */ = {isa = PBXFileReference; lastKnownFileType = sourcecode.swift; path = AgentClient.swift; sourceTree = "<group>"; };
	    A0B1C2D3E4F5060708090A13 /* Models.swift */ = {isa = PBXFileReference; lastKnownFileType = sourcecode.swift; path = Models.swift; sourceTree = "<group>"; };
	    A0B1C2D3E4F5060708090A14 /* ConsoleStore.swift */ = {isa = PBXFileReference; lastKnownFileType = sourcecode.swift; path = ConsoleStore.swift; sourceTree = "<group>"; };
	    A0B1C2D3E4F5060708090A24 /* Keyboard.swift */ = {isa = PBXFileReference; lastKnownFileType = sourcecode.swift; path = Keyboard.swift; sourceTree = "<group>"; };
	    A0B1C2D3E4F5060708090A25 /* RunView.swift */ = {isa = PBXFileReference; lastKnownFileType = sourcecode.swift; path = RunView.swift; sourceTree = "<group>"; };
	    A0B1C2D3E4F5060708090A26 /* LogsView.swift */ = {isa = PBXFileReference; lastKnownFileType = sourcecode.swift; path = LogsView.swift; sourceTree = "<group>"; };
	    A0B1C2D3E4F5060708090A27 /* ChatView.swift */ = {isa = PBXFileReference; lastKnownFileType = sourcecode.swift; path = ChatView.swift; sourceTree = "<group>"; };
	    A0B1C2D3E4F5060708090A28 /* NotesView.swift */ = {isa = PBXFileReference; lastKnownFileType = sourcecode.swift; path = NotesView.swift; sourceTree = "<group>"; };
	    A0B1C2D3E4F5060708090A29 /* Fields.swift */ = {isa = PBXFileReference; lastKnownFileType = sourcecode.swift; path = Fields.swift; sourceTree = "<group>"; };
	    A0B1C2D3E4F5060708090A2A /* LiveProgressPanel.swift */ = {isa = PBXFileReference; lastKnownFileType = sourcecode.swift; path = LiveProgressPanel.swift; sourceTree = "<group>"; };
	    A0B1C2D3E4F5060708090A2B /* EditorSheets.swift */ = {isa = PBXFileReference; lastKnownFileType = sourcecode.swift; path = EditorSheets.swift; sourceTree = "<group>"; };
	    A0B1C2D3E4F5060708090A2C /* QRCodeSheets.swift */ = {isa = PBXFileReference; lastKnownFileType = sourcecode.swift; path = QRCodeSheets.swift; sourceTree = "<group>"; };
	    400CCBCA3204BCB67B894FF9 /* ConsoleParsersTests.swift */ = {isa = PBXFileReference; lastKnownFileType = sourcecode.swift; path = ConsoleParsersTests.swift; sourceTree = "<group>"; };
	    A0B1C2D3E4F5060708090A15 /* Info.plist */ = {isa = PBXFileReference; lastKnownFileType = text.plist.xml; path = Info.plist; sourceTree = "<group>"; };
	    A0B1C2D3E4F5060708090A16 /* Assets.xcassets */ = {isa = PBXFileReference; lastKnownFileType = folder.assetcatalog; path = Assets.xcassets; sourceTree = "<group>"; };
	    A0B1C2D3E4F5060708090A18 /* LaunchScreen.storyboard */ = {isa = PBXFileReference; lastKnownFileType = file.storyboard; path = LaunchScreen.storyboard; sourceTree = "<group>"; };
	    A0B1C2D3E4F5060708090A19 /* ActivityView.swift */ = {isa = PBXFileReference; lastKnownFileType = sourcecode.swift; path = ActivityView.swift; sourceTree = "<group>"; };
	    A0B1C2D3E4F5060708090A1A /* QRCode.swift */ = {isa = PBXFileReference; lastKnownFileType = sourcecode.swift; path = QRCode.swift; sourceTree = "<group>"; };
	    A0B1C2D3E4F5060708090A1B /* TempFiles.swift */ = {isa = PBXFileReference; lastKnownFileType = sourcecode.swift; path = TempFiles.swift; sourceTree = "<group>"; };
	    A0B1C2D3E4F5060708090A1E /* ActionOverlay.swift */ = {isa = PBXFileReference; lastKnownFileType = sourcecode.swift; path = ActionOverlay.swift; sourceTree = "<group>"; };
	    A0B1C2D3E4F5060708090A1F /* DisclosureHeader.swift */ = {isa = PBXFileReference; lastKnownFileType = sourcecode.swift; path = DisclosureHeader.swift; sourceTree = "<group>"; };
	    A0B1C2D3E4F5060708090A23 /* ConsoleRedaction.swift */ = {isa = PBXFileReference; lastKnownFileType = sourcecode.swift; path = ConsoleRedaction.swift; sourceTree = "<group>"; };
	    A0B1C2D3E4F5060708090A1D /* Localizable.strings */ = {isa = PBXFileReference; lastKnownFileType = text.plist.strings; name = Localizable.strings; path = "zh-Hans.lproj/Localizable.strings"; sourceTree = "<group>"; };
	    A0B1C2D3E4F5060708090A17 /* OnDeviceAgentConsole.app */ = {isa = PBXFileReference; explicitFileType = wrapper.application; includeInIndex = 0; path = OnDeviceAgentConsole.app; sourceTree = BUILT_PRODUCTS_DIR; };
	    DE27C99A576E4E37DCD6CA39 /* OnDeviceAgentConsoleTests.xctest */ = {isa = PBXFileReference; explicitFileType = wrapper.cfbundle; includeInIndex = 0; path = OnDeviceAgentConsoleTests.xctest; sourceTree = BUILT_PRODUCTS_DIR; };
	/* End PBXFileReference section */

/* Begin PBXContainerItemProxy section */
	    FA957CD13202C2FB18877753 /* PBXContainerItemProxy */ = {
      isa = PBXContainerItemProxy;
      containerPortal = A0B1C2D3E4F5060708090A0B /* Project object */;
      proxyType = 1;
      remoteGlobalIDString = A0B1C2D3E4F5060708090A0C /* OnDeviceAgentConsole */;
      remoteInfo = OnDeviceAgentConsole;
    };
/* End PBXContainerItemProxy section */

/* Begin PBXFrameworksBuildPhase section */
    A0B1C2D3E4F5060708090A22 /* Frameworks */ = {
      isa = PBXFrameworksBuildPhase;
      buildActionMask = 2147483647;
      files = (
      );
      runOnlyForDeploymentPostprocessing = 0;
    };
    369D439F24AC0C9CF25D93C1 /* Frameworks */ = {
      isa = PBXFrameworksBuildPhase;
      buildActionMask = 2147483647;
      files = (
      );
      runOnlyForDeploymentPostprocessing = 0;
    };
/* End PBXFrameworksBuildPhase section */

/* Begin PBXGroup section */
    A0B1C2D3E4F5060708090A0D = {
      isa = PBXGroup;
      children = (
        A0B1C2D3E4F5060708090A0F /* OnDeviceAgentConsole */,
        38B2C96E219E9D081ACD7D8D /* OnDeviceAgentConsoleTests */,
        A0B1C2D3E4F5060708090A0E /* Products */,
      );
      sourceTree = "<group>";
    };
    A0B1C2D3E4F5060708090A0E /* Products */ = {
      isa = PBXGroup;
      children = (
        A0B1C2D3E4F5060708090A17 /* OnDeviceAgentConsole.app */,
        DE27C99A576E4E37DCD6CA39 /* OnDeviceAgentConsoleTests.xctest */,
      );
      name = Products;
      sourceTree = "<group>";
    };
	    A0B1C2D3E4F5060708090A0F /* OnDeviceAgentConsole */ = {
	      isa = PBXGroup;
	      children = (
	        A0B1C2D3E4F5060708090A10 /* OnDeviceAgentConsoleApp.swift */,
	        A0B1C2D3E4F5060708090A11 /* ContentView.swift */,
	        A0B1C2D3E4F5060708090A14 /* ConsoleStore.swift */,
	        A0B1C2D3E4F5060708090A12 /* AgentClient.swift */,
	        A0B1C2D3E4F5060708090A13 /* Models.swift */,
	        A0B1C2D3E4F5060708090A1C /* Utilities */,
	        A0B1C2D3E4F5060708090A2D /* Views */,
	        A0B1C2D3E4F5060708090A15 /* Info.plist */,
	        A0B1C2D3E4F5060708090A1D /* Localizable.strings */,
	        A0B1C2D3E4F5060708090A18 /* LaunchScreen.storyboard */,
	        A0B1C2D3E4F5060708090A16 /* Assets.xcassets */,
	      );
      path = OnDeviceAgentConsole;
      sourceTree = "<group>";
    };
    38B2C96E219E9D081ACD7D8D /* OnDeviceAgentConsoleTests */ = {
      isa = PBXGroup;
      children = (
        400CCBCA3204BCB67B894FF9 /* ConsoleParsersTests.swift */,
      );
      path = OnDeviceAgentConsoleTests;
      sourceTree = "<group>";
    };
    A0B1C2D3E4F5060708090A1C /* Utilities */ = {
      isa = PBXGroup;
      children = (
        A0B1C2D3E4F5060708090A19 /* ActivityView.swift */,
        A0B1C2D3E4F5060708090A1E /* ActionOverlay.swift */,
        A0B1C2D3E4F5060708090A1F /* DisclosureHeader.swift */,
        A0B1C2D3E4F5060708090A23 /* ConsoleRedaction.swift */,
        A0B1C2D3E4F5060708090A24 /* Keyboard.swift */,
        A0B1C2D3E4F5060708090A1A /* QRCode.swift */,
        A0B1C2D3E4F5060708090A1B /* TempFiles.swift */,
      );
      path = Utilities;
      sourceTree = "<group>";
    };
    A0B1C2D3E4F5060708090A2D /* Views */ = {
      isa = PBXGroup;
      children = (
        A0B1C2D3E4F5060708090A25 /* RunView.swift */,
        A0B1C2D3E4F5060708090A26 /* LogsView.swift */,
        A0B1C2D3E4F5060708090A27 /* ChatView.swift */,
        A0B1C2D3E4F5060708090A28 /* NotesView.swift */,
        A0B1C2D3E4F5060708090A29 /* Fields.swift */,
        A0B1C2D3E4F5060708090A2A /* LiveProgressPanel.swift */,
        A0B1C2D3E4F5060708090A2B /* EditorSheets.swift */,
        A0B1C2D3E4F5060708090A2C /* QRCodeSheets.swift */,
      );
      path = Views;
      sourceTree = "<group>";
    };
/* End PBXGroup section */

/* Begin PBXNativeTarget section */
    A0B1C2D3E4F5060708090A0C /* OnDeviceAgentConsole */ = {
      isa = PBXNativeTarget;
      buildConfigurationList = A0B1C2D3E4F5060708090A32 /* Build configuration list for PBXNativeTarget "OnDeviceAgentConsole" */;
      buildPhases = (
        A0B1C2D3E4F5060708090A20 /* Sources */,
        A0B1C2D3E4F5060708090A21 /* Resources */,
        A0B1C2D3E4F5060708090A22 /* Frameworks */,
      );
      buildRules = (
      );
      dependencies = (
      );
      name = OnDeviceAgentConsole;
      productName = OnDeviceAgentConsole;
      productReference = A0B1C2D3E4F5060708090A17 /* OnDeviceAgentConsole.app */;
      productType = "com.apple.product-type.application";
    };
    EC2244114521FFA20CB5FCB6 /* OnDeviceAgentConsoleTests */ = {
      isa = PBXNativeTarget;
      buildConfigurationList = C75CCA57DF7B94B553A6D7D2 /* Build configuration list for PBXNativeTarget "OnDeviceAgentConsoleTests" */;
      buildPhases = (
        B185C1CAB139845FAF3314DD /* Sources */,
        1479318DAC02E3B6E06593F7 /* Resources */,
        369D439F24AC0C9CF25D93C1 /* Frameworks */,
      );
      buildRules = (
      );
      dependencies = (
        38420CE44051F1A591FD4A46 /* PBXTargetDependency */,
      );
      name = OnDeviceAgentConsoleTests;
      productName = OnDeviceAgentConsoleTests;
      productReference = DE27C99A576E4E37DCD6CA39 /* OnDeviceAgentConsoleTests.xctest */;
      productType = "com.apple.product-type.bundle.unit-test";
    };
/* End PBXNativeTarget section */

/* Begin PBXProject section */
	    A0B1C2D3E4F5060708090A0B /* Project object */ = {
      isa = PBXProject;
      attributes = {
        BuildIndependentTargetsInParallel = 1;
        LastSwiftUpdateCheck = 1600;
        LastUpgradeCheck = 1600;
        TargetAttributes = {
          A0B1C2D3E4F5060708090A0C = {
            CreatedOnToolsVersion = 16.0;
          };
        };
      };
      buildConfigurationList = A0B1C2D3E4F5060708090A35 /* Build configuration list for PBXProject "OnDeviceAgentConsole" */;
      compatibilityVersion = "Xcode 16.0";
      developmentRegion = en;
      hasScannedForEncodings = 0;
	      knownRegions = (
	        en,
	        Base,
	        zh-Hans,
	      );
      mainGroup = A0B1C2D3E4F5060708090A0D;
      productRefGroup = A0B1C2D3E4F5060708090A0E /* Products */;
      projectDirPath = "";
      projectRoot = "";
      targets = (
        A0B1C2D3E4F5060708090A0C /* OnDeviceAgentConsole */,
        EC2244114521FFA20CB5FCB6 /* OnDeviceAgentConsoleTests */,
      );
    };
/* End PBXProject section */

/* Begin PBXResourcesBuildPhase section */
	    A0B1C2D3E4F5060708090A21 /* Resources */ = {
      isa = PBXResourcesBuildPhase;
      buildActionMask = 2147483647;
	      files = (
	        A0B1C2D3E4F5060708090B05 /* Assets.xcassets in Resources */,
	        A0B1C2D3E4F5060708090B06 /* LaunchScreen.storyboard in Resources */,
	        A0B1C2D3E4F5060708090B0A /* Localizable.strings in Resources */,
	      );
      runOnlyForDeploymentPostprocessing = 0;
    };
	    1479318DAC02E3B6E06593F7 /* Resources */ = {
      isa = PBXResourcesBuildPhase;
      buildActionMask = 2147483647;
      files = (
      );
      runOnlyForDeploymentPostprocessing = 0;
    };
/* End PBXResourcesBuildPhase section */

/* Begin PBXSourcesBuildPhase section */
    A0B1C2D3E4F5060708090A20 /* Sources */ = {
      isa = PBXSourcesBuildPhase;
      buildActionMask = 2147483647;
      files = (
        A0B1C2D3E4F5060708090B00 /* OnDeviceAgentConsoleApp.swift in Sources */,
        A0B1C2D3E4F5060708090B01 /* ContentView.swift in Sources */,
        A0B1C2D3E4F5060708090B02 /* ConsoleStore.swift in Sources */,
        A0B1C2D3E4F5060708090B03 /* AgentClient.swift in Sources */,
        A0B1C2D3E4F5060708090B04 /* Models.swift in Sources */,
        A0B1C2D3E4F5060708090B0F /* RunView.swift in Sources */,
        A0B1C2D3E4F5060708090B10 /* LogsView.swift in Sources */,
        A0B1C2D3E4F5060708090B11 /* ChatView.swift in Sources */,
        A0B1C2D3E4F5060708090B12 /* NotesView.swift in Sources */,
        A0B1C2D3E4F5060708090B13 /* Fields.swift in Sources */,
        A0B1C2D3E4F5060708090B14 /* LiveProgressPanel.swift in Sources */,
        A0B1C2D3E4F5060708090B15 /* EditorSheets.swift in Sources */,
        A0B1C2D3E4F5060708090B16 /* QRCodeSheets.swift in Sources */,
        A0B1C2D3E4F5060708090B07 /* ActivityView.swift in Sources */,
        A0B1C2D3E4F5060708090B0B /* ActionOverlay.swift in Sources */,
        A0B1C2D3E4F5060708090B0C /* DisclosureHeader.swift in Sources */,
        A0B1C2D3E4F5060708090B0D /* ConsoleRedaction.swift in Sources */,
        A0B1C2D3E4F5060708090B0E /* Keyboard.swift in Sources */,
        A0B1C2D3E4F5060708090B08 /* QRCode.swift in Sources */,
        A0B1C2D3E4F5060708090B09 /* TempFiles.swift in Sources */,
      );
      runOnlyForDeploymentPostprocessing = 0;
    };
    B185C1CAB139845FAF3314DD /* Sources */ = {
      isa = PBXSourcesBuildPhase;
      buildActionMask = 2147483647;
      files = (
        DDD875736225B31ABE994088 /* ConsoleParsersTests.swift in Sources */,
      );
      runOnlyForDeploymentPostprocessing = 0;
    };
/* End PBXSourcesBuildPhase section */

/* Begin PBXTargetDependency section */
	    38420CE44051F1A591FD4A46 /* PBXTargetDependency */ = {
      isa = PBXTargetDependency;
      target = A0B1C2D3E4F5060708090A0C /* OnDeviceAgentConsole */;
      targetProxy = FA957CD13202C2FB18877753 /* PBXContainerItemProxy */;
    };
/* End PBXTargetDependency section */

/* Begin XCBuildConfiguration section */
    A0B1C2D3E4F5060708090A30 /* Debug */ = {
      isa = XCBuildConfiguration;
      buildSettings = {
        ASSETCATALOG_COMPILER_APPICON_NAME = AppIcon;
        CLANG_ENABLE_MODULES = YES;
        CODE_SIGN_STYLE = Automatic;
        CURRENT_PROJECT_VERSION = 1;
        ENABLE_TESTABILITY = YES;
        ENABLE_PREVIEWS = YES;
        GENERATE_INFOPLIST_FILE = NO;
        INFOPLIST_FILE = OnDeviceAgentConsole/Info.plist;
        IPHONEOS_DEPLOYMENT_TARGET = 17.0;
        MARKETING_VERSION = 0.1.0;
        PRODUCT_BUNDLE_IDENTIFIER = "com.example.ondevice-agent-console";
        PRODUCT_NAME = "$(TARGET_NAME)";
        SDKROOT = iphoneos;
        SUPPORTED_PLATFORMS = "iphoneos iphonesimulator";
        SWIFT_OPTIMIZATION_LEVEL = "-Onone";
        SWIFT_VERSION = 5.0;
        TARGETED_DEVICE_FAMILY = "1,2";
      };
      name = Debug;
    };
    A0B1C2D3E4F5060708090A31 /* Release */ = {
      isa = XCBuildConfiguration;
      buildSettings = {
        ASSETCATALOG_COMPILER_APPICON_NAME = AppIcon;
        CLANG_ENABLE_MODULES = YES;
        CODE_SIGN_STYLE = Automatic;
        CURRENT_PROJECT_VERSION = 1;
        ENABLE_PREVIEWS = YES;
        GENERATE_INFOPLIST_FILE = NO;
        INFOPLIST_FILE = OnDeviceAgentConsole/Info.plist;
        IPHONEOS_DEPLOYMENT_TARGET = 17.0;
        MARKETING_VERSION = 0.1.0;
        PRODUCT_BUNDLE_IDENTIFIER = "com.example.ondevice-agent-console";
        PRODUCT_NAME = "$(TARGET_NAME)";
        SDKROOT = iphoneos;
        SUPPORTED_PLATFORMS = "iphoneos iphonesimulator";
        SWIFT_VERSION = 5.0;
        TARGETED_DEVICE_FAMILY = "1,2";
      };
      name = Release;
    };
    56B3F716052BF3D34042E9AD /* Debug */ = {
      isa = XCBuildConfiguration;
      buildSettings = {
        BUNDLE_LOADER = "$(TEST_HOST)";
        CLANG_ENABLE_MODULES = YES;
        CODE_SIGN_STYLE = Automatic;
        ENABLE_TESTABILITY = YES;
        GENERATE_INFOPLIST_FILE = YES;
        IPHONEOS_DEPLOYMENT_TARGET = 17.0;
        PRODUCT_BUNDLE_IDENTIFIER = "com.example.ondevice-agent-console-tests";
        PRODUCT_NAME = "$(TARGET_NAME)";
        SDKROOT = iphoneos;
        SUPPORTED_PLATFORMS = "iphoneos iphonesimulator";
        SWIFT_OPTIMIZATION_LEVEL = "-Onone";
        SWIFT_VERSION = 5.0;
        TARGETED_DEVICE_FAMILY = "1,2";
        TEST_HOST = "$(BUILT_PRODUCTS_DIR)/OnDeviceAgentConsole.app/OnDeviceAgentConsole";
      };
      name = Debug;
    };
    8EFB44757AD8991E6BD46211 /* Release */ = {
      isa = XCBuildConfiguration;
      buildSettings = {
        BUNDLE_LOADER = "$(TEST_HOST)";
        CLANG_ENABLE_MODULES = YES;
        CODE_SIGN_STYLE = Automatic;
        GENERATE_INFOPLIST_FILE = YES;
        IPHONEOS_DEPLOYMENT_TARGET = 17.0;
        PRODUCT_BUNDLE_IDENTIFIER = "com.example.ondevice-agent-console-tests";
        PRODUCT_NAME = "$(TARGET_NAME)";
        SDKROOT = iphoneos;
        SUPPORTED_PLATFORMS = "iphoneos iphonesimulator";
        SWIFT_VERSION = 5.0;
        TARGETED_DEVICE_FAMILY = "1,2";
        TEST_HOST = "$(BUILT_PRODUCTS_DIR)/OnDeviceAgentConsole.app/OnDeviceAgentConsole";
      };
      name = Release;
    };
    A0B1C2D3E4F5060708090A33 /* Debug */ = {
      isa = XCBuildConfiguration;
      buildSettings = {
        CLANG_ANALYZER_LOCALIZABILITY_NONLOCALIZED = YES;
        CLANG_CXX_LANGUAGE_STANDARD = "gnu++20";
        CLANG_CXX_LIBRARY = "libc++";
        CLANG_ENABLE_MODULES = YES;
        CLANG_WARN_QUOTED_INCLUDE_IN_FRAMEWORK_HEADER = YES;
        GCC_C_LANGUAGE_STANDARD = gnu11;
        IPHONEOS_DEPLOYMENT_TARGET = 17.0;
        SWIFT_VERSION = 5.0;
      };
      name = Debug;
    };
    A0B1C2D3E4F5060708090A34 /* Release */ = {
      isa = XCBuildConfiguration;
      buildSettings = {
        CLANG_ANALYZER_LOCALIZABILITY_NONLOCALIZED = YES;
        CLANG_CXX_LANGUAGE_STANDARD = "gnu++20";
        CLANG_CXX_LIBRARY = "libc++";
        CLANG_ENABLE_MODULES = YES;
        CLANG_WARN_QUOTED_INCLUDE_IN_FRAMEWORK_HEADER = YES;
        GCC_C_LANGUAGE_STANDARD = gnu11;
        IPHONEOS_DEPLOYMENT_TARGET = 17.0;
        SWIFT_VERSION = 5.0;
      };
      name = Release;
    };
/* End XCBuildConfiguration section */

/* Begin XCConfigurationList section */
    A0B1C2D3E4F5060708090A32 /* Build configuration list for PBXNativeTarget "OnDeviceAgentConsole" */ = {
      isa = XCConfigurationList;
      buildConfigurations = (
        A0B1C2D3E4F5060708090A30 /* Debug */,
        A0B1C2D3E4F5060708090A31 /* Release */,
      );
      defaultConfigurationIsVisible = 0;
      defaultConfigurationName = Debug;
    };
    C75CCA57DF7B94B553A6D7D2 /* Build configuration list for PBXNativeTarget "OnDeviceAgentConsoleTests" */ = {
      isa = XCConfigurationList;
      buildConfigurations = (
        56B3F716052BF3D34042E9AD /* Debug */,
        8EFB44757AD8991E6BD46211 /* Release */,
      );
      defaultConfigurationIsVisible = 0;
      defaultConfigurationName = Debug;
    };
    A0B1C2D3E4F5060708090A35 /* Build configuration list for PBXProject "OnDeviceAgentConsole" */ = {
      isa = XCConfigurationList;
      buildConfigurations = (
        A0B1C2D3E4F5060708090A33 /* Debug */,
        A0B1C2D3E4F5060708090A34 /* Release */,
      );
      defaultConfigurationIsVisible = 0;
      defaultConfigurationName = Debug;
    };
/* End XCConfigurationList section */
  };
  rootObject = A0B1C2D3E4F5060708090A0B /* Project object */;
}
